
Microsoft Visual Studio Solution File, Format Version 12.00
# Visual Studio Version 16
VisualStudioVersion = 16.0.30804.86
MinimumVisualStudioVersion = 10.0.40219.1
Project("{FAE04EC0-301F-11D3-BF4B-00C04F79EFBC}") = "Journey", "Journey\Journey.csproj", "{0D5EE408-3631-46A8-9752-DFFCA88F69DE}"
EndProject
Global
	GlobalSection(SolutionConfigurationPlatforms) = preSolution
		Debug|Any CPU = Debug|Any CPU
		Release|Any CPU = Release|Any CPU
	EndGlobalSection
	GlobalSection(ProjectConfigurationPlatforms) = postSolution
		{0D5EE408-3631-46A8-9752-DFFCA88F69DE}.Debug|Any CPU.ActiveCfg = Debug|Any CPU
		{0D5EE408-3631-46A8-9752-DFFCA88F69DE}.Debug|Any CPU.Build.0 = Debug|Any CPU
		{0D5EE408-3631-46A8-9752-DFFCA88F69DE}.Release|Any CPU.ActiveCfg = Release|Any CPU
		{0D5EE408-3631-46A8-9752-DFFCA88F69DE}.Release|Any CPU.Build.0 = Release|Any CPU
	EndGlobalSection
	GlobalSection(SolutionProperties) = preSolution
		HideSolutionNode = FALSE
	EndGlobalSection
	GlobalSection(ExtensibilityGlobals) = postSolution
		SolutionGuid = {9B5F6261-FBE4-4A0D-BDE6-5F979A8C6DEE}
	EndGlobalSection
EndGlobal
